// !$*UTF8*$!
{
	archiveVersion = 1;
	classes = {
	};
	objectVersion = 46;
	objects = {

/* Begin PBXBuildFile section */
		511C88A51CCC87D9008F2BDD /* main.m in Sources */ = {isa = PBXBuildFile; fileRef = 511C88A41CCC87D9008F2BDD /* main.m */; };
		511C88A81CCC87D9008F2BDD /* AppDelegate.m in Sources */ = {isa = PBXBuildFile; fileRef = 511C88A71CCC87D9008F2BDD /* AppDelegate.m */; };
		511C88B01CCC87D9008F2BDD /* Assets.xcassets in Resources */ = {isa = PBXBuildFile; fileRef = 511C88AF1CCC87D9008F2BDD /* Assets.xcassets */; };
		517F3FBB1CCC953300AE9372 /* KYMasterVc.m in Sources */ = {isa = PBXBuildFile; fileRef = 517F3FBA1CCC953300AE9372 /* KYMasterVc.m */; };
		517F3FC11CCCACA200AE9372 /* KYConst.m in Sources */ = {isa = PBXBuildFile; fileRef = 517F3FC01CCCACA200AE9372 /* KYConst.m */; };
		517F3FCB1CCCC8DE00AE9372 /* KYMasterTopView.m in Sources */ = {isa = PBXBuildFile; fileRef = 517F3FCA1CCCC8DE00AE9372 /* KYMasterTopView.m */; };
		517F3FCD1CCCC8EC00AE9372 /* KYMasterTopView.xib in Resources */ = {isa = PBXBuildFile; fileRef = 517F3FCC1CCCC8EC00AE9372 /* KYMasterTopView.xib */; };
		517F3FD01CCCEC5B00AE9372 /* KYShowCollectionView.m in Sources */ = {isa = PBXBuildFile; fileRef = 517F3FCF1CCCEC5B00AE9372 /* KYShowCollectionView.m */; };
		517F3FD31CCCEC8D00AE9372 /* KYShowCollectionViewCell.m in Sources */ = {isa = PBXBuildFile; fileRef = 517F3FD21CCCEC8D00AE9372 /* KYShowCollectionViewCell.m */; };
		517F3FD61CCCECCC00AE9372 /* KYMasterView.m in Sources */ = {isa = PBXBuildFile; fileRef = 517F3FD51CCCECCC00AE9372 /* KYMasterView.m */; };
		517F3FDA1CCCF9D800AE9372 /* KYFlowLayout.m in Sources */ = {isa = PBXBuildFile; fileRef = 517F3FD91CCCF9D800AE9372 /* KYFlowLayout.m */; };
		517F3FE21CCD06AB00AE9372 /* KYMasterDownView.m in Sources */ = {isa = PBXBuildFile; fileRef = 517F3FE11CCD06AB00AE9372 /* KYMasterDownView.m */; };
		517F3FE41CCD06BA00AE9372 /* KYMasterDownView.xib in Resources */ = {isa = PBXBuildFile; fileRef = 517F3FE31CCD06BA00AE9372 /* KYMasterDownView.xib */; };
		517F3FE81CCD096200AE9372 /* KYModuleCollectionView.m in Sources */ = {isa = PBXBuildFile; fileRef = 517F3FE71CCD096200AE9372 /* KYModuleCollectionView.m */; };
		517F3FEB1CCD098500AE9372 /* KYModuleCollectionViewCell.m in Sources */ = {isa = PBXBuildFile; fileRef = 517F3FEA1CCD098500AE9372 /* KYModuleCollectionViewCell.m */; };
		517F3FEE1CCD0CAF00AE9372 /* KYModuleFlowLayout.m in Sources */ = {isa = PBXBuildFile; fileRef = 517F3FED1CCD0CAF00AE9372 /* KYModuleFlowLayout.m */; };
		51D0F2881CCDD90D00EE80AE /* KYMasterDownModel.m in Sources */ = {isa = PBXBuildFile; fileRef = 51D0F2871CCDD90D00EE80AE /* KYMasterDownModel.m */; };
		51D0F28C1CCDD9F500EE80AE /* KYMasterDownModel.plist in Resources */ = {isa = PBXBuildFile; fileRef = 51D0F28B1CCDD9F500EE80AE /* KYMasterDownModel.plist */; };
		51D0F28F1CCDDD7F00EE80AE /* DownCellBtn.m in Sources */ = {isa = PBXBuildFile; fileRef = 51D0F28E1CCDDD7F00EE80AE /* DownCellBtn.m */; };
		51D0F2931CCDE44C00EE80AE /* KYModuleCollectionViewCell.xib in Resources */ = {isa = PBXBuildFile; fileRef = 51D0F2921CCDE44C00EE80AE /* KYModuleCollectionViewCell.xib */; };
		51D0F2EB1CCF2C9700EE80AE /* UIView+Extension.m in Sources */ = {isa = PBXBuildFile; fileRef = 51D0F2E41CCF2C9700EE80AE /* UIView+Extension.m */; };
		51D0F2EC1CCF2C9700EE80AE /* KYNavigationVc.m in Sources */ = {isa = PBXBuildFile; fileRef = 51D0F2E71CCF2C9700EE80AE /* KYNavigationVc.m */; };
		51D0F2F21CCF2CFA00EE80AE /* KYUserVc.m in Sources */ = {isa = PBXBuildFile; fileRef = 51D0F2F11CCF2CFA00EE80AE /* KYUserVc.m */; };
		51D0F2F51CCF2E0C00EE80AE /* KYLoginViewTop.m in Sources */ = {isa = PBXBuildFile; fileRef = 51D0F2F41CCF2E0C00EE80AE /* KYLoginViewTop.m */; };
		51D0F2F71CCF2E2200EE80AE /* KYLoginViewTop.xib in Resources */ = {isa = PBXBuildFile; fileRef = 51D0F2F61CCF2E2200EE80AE /* KYLoginViewTop.xib */; };
		51D0F2FA1CCF37B900EE80AE /* KYLoginVc.m in Sources */ = {isa = PBXBuildFile; fileRef = 51D0F2F91CCF37B900EE80AE /* KYLoginVc.m */; };
		51D0F2FC1CCF380300EE80AE /* KYRegisterView.xib in Resources */ = {isa = PBXBuildFile; fileRef = 51D0F2FB1CCF380300EE80AE /* KYRegisterView.xib */; };
		51D0F2FF1CCF3D9C00EE80AE /* KYRegisterView.m in Sources */ = {isa = PBXBuildFile; fileRef = 51D0F2FE1CCF3D9C00EE80AE /* KYRegisterView.m */; };
		883088B8D255FCBE799C5F2A /* libPods-KuaiYiSuper.a in Frameworks */ = {isa = PBXBuildFile; fileRef = 6F1CFF8C3C7370EFA6CEA0E9 /* libPods-KuaiYiSuper.a */; };
/* End PBXBuildFile section */

/* Begin PBXFileReference section */
		511C88A01CCC87D9008F2BDD /* KuaiYiSuper.app */ = {isa = PBXFileReference; explicitFileType = wrapper.application; includeInIndex = 0; path = KuaiYiSuper.app; sourceTree = BUILT_PRODUCTS_DIR; };
		511C88A41CCC87D9008F2BDD /* main.m */ = {isa = PBXFileReference; lastKnownFileType = sourcecode.c.objc; path = main.m; sourceTree = "<group>"; };
		511C88A61CCC87D9008F2BDD /* AppDelegate.h */ = {isa = PBXFileReference; lastKnownFileType = sourcecode.c.h; path = AppDelegate.h; sourceTree = "<group>"; };
		511C88A71CCC87D9008F2BDD /* AppDelegate.m */ = {isa = PBXFileReference; lastKnownFileType = sourcecode.c.objc; path = AppDelegate.m; sourceTree = "<group>"; };
		511C88AF1CCC87D9008F2BDD /* Assets.xcassets */ = {isa = PBXFileReference; lastKnownFileType = folder.assetcatalog; path = Assets.xcassets; sourceTree = "<group>"; };
		511C88B41CCC87D9008F2BDD /* Info.plist */ = {isa = PBXFileReference; lastKnownFileType = text.plist.xml; path = Info.plist; sourceTree = "<group>"; };
		517F3FB91CCC953300AE9372 /* KYMasterVc.h */ = {isa = PBXFileReference; fileEncoding = 4; lastKnownFileType = sourcecode.c.h; path = KYMasterVc.h; sourceTree = "<group>"; };
		517F3FBA1CCC953300AE9372 /* KYMasterVc.m */ = {isa = PBXFileReference; fileEncoding = 4; lastKnownFileType = sourcecode.c.objc; path = KYMasterVc.m; sourceTree = "<group>"; };
		517F3FBD1CCC963000AE9372 /* PrefixHeader.pch */ = {isa = PBXFileReference; lastKnownFileType = sourcecode.c.h; path = PrefixHeader.pch; sourceTree = "<group>"; };
		517F3FBF1CCCACA200AE9372 /* KYConst.h */ = {isa = PBXFileReference; fileEncoding = 4; lastKnownFileType = sourcecode.c.h; path = KYConst.h; sourceTree = "<group>"; };
		517F3FC01CCCACA200AE9372 /* KYConst.m */ = {isa = PBXFileReference; fileEncoding = 4; lastKnownFileType = sourcecode.c.objc; path = KYConst.m; sourceTree = "<group>"; };
		517F3FC91CCCC8DE00AE9372 /* KYMasterTopView.h */ = {isa = PBXFileReference; fileEncoding = 4; lastKnownFileType = sourcecode.c.h; path = KYMasterTopView.h; sourceTree = "<group>"; };
		517F3FCA1CCCC8DE00AE9372 /* KYMasterTopView.m */ = {isa = PBXFileReference; fileEncoding = 4; lastKnownFileType = sourcecode.c.objc; path = KYMasterTopView.m; sourceTree = "<group>"; };
		517F3FCC1CCCC8EC00AE9372 /* KYMasterTopView.xib */ = {isa = PBXFileReference; fileEncoding = 4; lastKnownFileType = file.xib; path = KYMasterTopView.xib; sourceTree = "<group>"; };
		517F3FCE1CCCEC5B00AE9372 /* KYShowCollectionView.h */ = {isa = PBXFileReference; fileEncoding = 4; lastKnownFileType = sourcecode.c.h; path = KYShowCollectionView.h; sourceTree = "<group>"; };
		517F3FCF1CCCEC5B00AE9372 /* KYShowCollectionView.m */ = {isa = PBXFileReference; fileEncoding = 4; lastKnownFileType = sourcecode.c.objc; path = KYShowCollectionView.m; sourceTree = "<group>"; };
		517F3FD11CCCEC8D00AE9372 /* KYShowCollectionViewCell.h */ = {isa = PBXFileReference; fileEncoding = 4; lastKnownFileType = sourcecode.c.h; path = KYShowCollectionViewCell.h; sourceTree = "<group>"; };
		517F3FD21CCCEC8D00AE9372 /* KYShowCollectionViewCell.m */ = {isa = PBXFileReference; fileEncoding = 4; lastKnownFileType = sourcecode.c.objc; path = KYShowCollectionViewCell.m; sourceTree = "<group>"; };
		517F3FD41CCCECCC00AE9372 /* KYMasterView.h */ = {isa = PBXFileReference; fileEncoding = 4; lastKnownFileType = sourcecode.c.h; path = KYMasterView.h; sourceTree = "<group>"; };
		517F3FD51CCCECCC00AE9372 /* KYMasterView.m */ = {isa = PBXFileReference; fileEncoding = 4; lastKnownFileType = sourcecode.c.objc; path = KYMasterView.m; sourceTree = "<group>"; };
		517F3FD81CCCF9D800AE9372 /* KYFlowLayout.h */ = {isa = PBXFileReference; fileEncoding = 4; lastKnownFileType = sourcecode.c.h; path = KYFlowLayout.h; sourceTree = "<group>"; };
		517F3FD91CCCF9D800AE9372 /* KYFlowLayout.m */ = {isa = PBXFileReference; fileEncoding = 4; lastKnownFileType = sourcecode.c.objc; path = KYFlowLayout.m; sourceTree = "<group>"; };
		517F3FE01CCD06AB00AE9372 /* KYMasterDownView.h */ = {isa = PBXFileReference; fileEncoding = 4; lastKnownFileType = sourcecode.c.h; path = KYMasterDownView.h; sourceTree = "<group>"; };
		517F3FE11CCD06AB00AE9372 /* KYMasterDownView.m */ = {isa = PBXFileReference; fileEncoding = 4; lastKnownFileType = sourcecode.c.objc; path = KYMasterDownView.m; sourceTree = "<group>"; };
		517F3FE31CCD06BA00AE9372 /* KYMasterDownView.xib */ = {isa = PBXFileReference; fileEncoding = 4; lastKnownFileType = file.xib; path = KYMasterDownView.xib; sourceTree = "<group>"; };
		517F3FE61CCD096200AE9372 /* KYModuleCollectionView.h */ = {isa = PBXFileReference; fileEncoding = 4; lastKnownFileType = sourcecode.c.h; path = KYModuleCollectionView.h; sourceTree = "<group>"; };
		517F3FE71CCD096200AE9372 /* KYModuleCollectionView.m */ = {isa = PBXFileReference; fileEncoding = 4; lastKnownFileType = sourcecode.c.objc; path = KYModuleCollectionView.m; sourceTree = "<group>"; };
		517F3FE91CCD098500AE9372 /* KYModuleCollectionViewCell.h */ = {isa = PBXFileReference; fileEncoding = 4; lastKnownFileType = sourcecode.c.h; path = KYModuleCollectionViewCell.h; sourceTree = "<group>"; };
		517F3FEA1CCD098500AE9372 /* KYModuleCollectionViewCell.m */ = {isa = PBXFileReference; fileEncoding = 4; lastKnownFileType = sourcecode.c.objc; path = KYModuleCollectionViewCell.m; sourceTree = "<group>"; };
		517F3FEC1CCD0CAF00AE9372 /* KYModuleFlowLayout.h */ = {isa = PBXFileReference; fileEncoding = 4; lastKnownFileType = sourcecode.c.h; path = KYModuleFlowLayout.h; sourceTree = "<group>"; };
		517F3FED1CCD0CAF00AE9372 /* KYModuleFlowLayout.m */ = {isa = PBXFileReference; fileEncoding = 4; lastKnownFileType = sourcecode.c.objc; path = KYModuleFlowLayout.m; sourceTree = "<group>"; };
		51D0F2861CCDD90D00EE80AE /* KYMasterDownModel.h */ = {isa = PBXFileReference; fileEncoding = 4; lastKnownFileType = sourcecode.c.h; path = KYMasterDownModel.h; sourceTree = "<group>"; };
		51D0F2871CCDD90D00EE80AE /* KYMasterDownModel.m */ = {isa = PBXFileReference; fileEncoding = 4; lastKnownFileType = sourcecode.c.objc; path = KYMasterDownModel.m; sourceTree = "<group>"; };
		51D0F28B1CCDD9F500EE80AE /* KYMasterDownModel.plist */ = {isa = PBXFileReference; fileEncoding = 4; lastKnownFileType = text.plist.xml; path = KYMasterDownModel.plist; sourceTree = "<group>"; };
		51D0F28D1CCDDD7F00EE80AE /* DownCellBtn.h */ = {isa = PBXFileReference; fileEncoding = 4; lastKnownFileType = sourcecode.c.h; path = DownCellBtn.h; sourceTree = "<group>"; };
		51D0F28E1CCDDD7F00EE80AE /* DownCellBtn.m */ = {isa = PBXFileReference; fileEncoding = 4; lastKnownFileType = sourcecode.c.objc; path = DownCellBtn.m; sourceTree = "<group>"; };
		51D0F2921CCDE44C00EE80AE /* KYModuleCollectionViewCell.xib */ = {isa = PBXFileReference; fileEncoding = 4; lastKnownFileType = file.xib; path = KYModuleCollectionViewCell.xib; sourceTree = "<group>"; };
		51D0F2E31CCF2C9700EE80AE /* UIView+Extension.h */ = {isa = PBXFileReference; fileEncoding = 4; lastKnownFileType = sourcecode.c.h; path = "UIView+Extension.h"; sourceTree = "<group>"; };
		51D0F2E41CCF2C9700EE80AE /* UIView+Extension.m */ = {isa = PBXFileReference; fileEncoding = 4; lastKnownFileType = sourcecode.c.objc; path = "UIView+Extension.m"; sourceTree = "<group>"; };
		51D0F2E61CCF2C9700EE80AE /* KYNavigationVc.h */ = {isa = PBXFileReference; fileEncoding = 4; lastKnownFileType = sourcecode.c.h; path = KYNavigationVc.h; sourceTree = "<group>"; };
		51D0F2E71CCF2C9700EE80AE /* KYNavigationVc.m */ = {isa = PBXFileReference; fileEncoding = 4; lastKnownFileType = sourcecode.c.objc; path = KYNavigationVc.m; sourceTree = "<group>"; };
		51D0F2F01CCF2CFA00EE80AE /* KYUserVc.h */ = {isa = PBXFileReference; fileEncoding = 4; lastKnownFileType = sourcecode.c.h; path = KYUserVc.h; sourceTree = "<group>"; };
		51D0F2F11CCF2CFA00EE80AE /* KYUserVc.m */ = {isa = PBXFileReference; fileEncoding = 4; lastKnownFileType = sourcecode.c.objc; path = KYUserVc.m; sourceTree = "<group>"; };
		51D0F2F31CCF2E0C00EE80AE /* KYLoginViewTop.h */ = {isa = PBXFileReference; fileEncoding = 4; lastKnownFileType = sourcecode.c.h; path = KYLoginViewTop.h; sourceTree = "<group>"; };
		51D0F2F41CCF2E0C00EE80AE /* KYLoginViewTop.m */ = {isa = PBXFileReference; fileEncoding = 4; lastKnownFileType = sourcecode.c.objc; path = KYLoginViewTop.m; sourceTree = "<group>"; };
		51D0F2F61CCF2E2200EE80AE /* KYLoginViewTop.xib */ = {isa = PBXFileReference; fileEncoding = 4; lastKnownFileType = file.xib; path = KYLoginViewTop.xib; sourceTree = "<group>"; };
		51D0F2F81CCF37B900EE80AE /* KYLoginVc.h */ = {isa = PBXFileReference; fileEncoding = 4; lastKnownFileType = sourcecode.c.h; path = KYLoginVc.h; sourceTree = "<group>"; };
		51D0F2F91CCF37B900EE80AE /* KYLoginVc.m */ = {isa = PBXFileReference; fileEncoding = 4; lastKnownFileType = sourcecode.c.objc; path = KYLoginVc.m; sourceTree = "<group>"; };
		51D0F2FB1CCF380300EE80AE /* KYRegisterView.xib */ = {isa = PBXFileReference; fileEncoding = 4; lastKnownFileType = file.xib; name = KYRegisterView.xib; path = ../Controller/KYRegisterView.xib; sourceTree = "<group>"; };
		51D0F2FD1CCF3D9C00EE80AE /* KYRegisterView.h */ = {isa = PBXFileReference; fileEncoding = 4; lastKnownFileType = sourcecode.c.h; path = KYRegisterView.h; sourceTree = "<group>"; };
		51D0F2FE1CCF3D9C00EE80AE /* KYRegisterView.m */ = {isa = PBXFileReference; fileEncoding = 4; lastKnownFileType = sourcecode.c.objc; path = KYRegisterView.m; sourceTree = "<group>"; };
		6F1CFF8C3C7370EFA6CEA0E9 /* libPods-KuaiYiSuper.a */ = {isa = PBXFileReference; explicitFileType = archive.ar; includeInIndex = 0; path = "libPods-KuaiYiSuper.a"; sourceTree = BUILT_PRODUCTS_DIR; };
		B89B5DCECB3E65E886885D71 /* Pods-KuaiYiSuper.release.xcconfig */ = {isa = PBXFileReference; includeInIndex = 1; lastKnownFileType = text.xcconfig; name = "Pods-KuaiYiSuper.release.xcconfig"; path = "Pods/Target Support Files/Pods-KuaiYiSuper/Pods-KuaiYiSuper.release.xcconfig"; sourceTree = "<group>"; };
		E04C2BA99046DFF22DD17AA4 /* Pods-KuaiYiSuper.debug.xcconfig */ = {isa = PBXFileReference; includeInIndex = 1; lastKnownFileType = text.xcconfig; name = "Pods-KuaiYiSuper.debug.xcconfig"; path = "Pods/Target Support Files/Pods-KuaiYiSuper/Pods-KuaiYiSuper.debug.xcconfig"; sourceTree = "<group>"; };
/* End PBXFileReference section */

/* Begin PBXFrameworksBuildPhase section */
		511C889D1CCC87D9008F2BDD /* Frameworks */ = {
			isa = PBXFrameworksBuildPhase;
			buildActionMask = 2147483647;
			files = (
				883088B8D255FCBE799C5F2A /* libPods-KuaiYiSuper.a in Frameworks */,
			);
			runOnlyForDeploymentPostprocessing = 0;
		};
/* End PBXFrameworksBuildPhase section */

/* Begin PBXGroup section */
		4F00435208ED05A682778653 /* Frameworks */ = {
			isa = PBXGroup;
			children = (
				6F1CFF8C3C7370EFA6CEA0E9 /* libPods-KuaiYiSuper.a */,
			);
			name = Frameworks;
			sourceTree = "<group>";
		};
		511C88971CCC87D9008F2BDD = {
			isa = PBXGroup;
			children = (
				511C88A21CCC87D9008F2BDD /* KuaiYiSuper */,
				511C88A11CCC87D9008F2BDD /* Products */,
				7B954A64E3AAE96293F3AFFB /* Pods */,
				4F00435208ED05A682778653 /* Frameworks */,
			);
			sourceTree = "<group>";
		};
		511C88A11CCC87D9008F2BDD /* Products */ = {
			isa = PBXGroup;
			children = (
				511C88A01CCC87D9008F2BDD /* KuaiYiSuper.app */,
			);
			name = Products;
			sourceTree = "<group>";
		};
		511C88A21CCC87D9008F2BDD /* KuaiYiSuper */ = {
			isa = PBXGroup;
			children = (
				517F3FB41CCC951C00AE9372 /* Classes */,
				511C88A61CCC87D9008F2BDD /* AppDelegate.h */,
				511C88A71CCC87D9008F2BDD /* AppDelegate.m */,
				511C88A31CCC87D9008F2BDD /* Supporting Files */,
			);
			path = KuaiYiSuper;
			sourceTree = "<group>";
		};
		511C88A31CCC87D9008F2BDD /* Supporting Files */ = {
			isa = PBXGroup;
			children = (
				511C88AF1CCC87D9008F2BDD /* Assets.xcassets */,
				511C88B41CCC87D9008F2BDD /* Info.plist */,
				511C88A41CCC87D9008F2BDD /* main.m */,
				517F3FBD1CCC963000AE9372 /* PrefixHeader.pch */,
				51D0F28B1CCDD9F500EE80AE /* KYMasterDownModel.plist */,
			);
			name = "Supporting Files";
			sourceTree = "<group>";
		};
		517F3FB41CCC951C00AE9372 /* Classes */ = {
			isa = PBXGroup;
			children = (
				51D0F2E11CCF2C9700EE80AE /* Main */,
				517F3FB51CCC951C00AE9372 /* Home */,
				517F3FBE1CCCAC8D00AE9372 /* Other */,
			);
			path = Classes;
			sourceTree = "<group>";
		};
		517F3FB51CCC951C00AE9372 /* Home */ = {
			isa = PBXGroup;
			children = (
				517F3FB61CCC951C00AE9372 /* Controller */,
				517F3FB71CCC951C00AE9372 /* Model */,
				517F3FB81CCC951C00AE9372 /* View */,
			);
			path = Home;
			sourceTree = "<group>";
		};
		517F3FB61CCC951C00AE9372 /* Controller */ = {
			isa = PBXGroup;
			children = (
				517F3FB91CCC953300AE9372 /* KYMasterVc.h */,
				517F3FBA1CCC953300AE9372 /* KYMasterVc.m */,
			);
			path = Controller;
			sourceTree = "<group>";
		};
		517F3FB71CCC951C00AE9372 /* Model */ = {
			isa = PBXGroup;
			children = (
				51D0F2851CCDD8F300EE80AE /* KYMasterTopModel */,
				51D0F2841CCDD8F000EE80AE /* KYMasterDownModel */,
			);
			path = Model;
			sourceTree = "<group>";
		};
		517F3FB81CCC951C00AE9372 /* View */ = {
			isa = PBXGroup;
			children = (
				517F3FD41CCCECCC00AE9372 /* KYMasterView.h */,
				517F3FD51CCCECCC00AE9372 /* KYMasterView.m */,
				517F3FD71CCCECD700AE9372 /* KYMasterTopView */,
				517F3FE51CCD088F00AE9372 /* KYMasterDownView */,
			);
			path = View;
			sourceTree = "<group>";
		};
		517F3FBE1CCCAC8D00AE9372 /* Other */ = {
			isa = PBXGroup;
			children = (
				517F3FBF1CCCACA200AE9372 /* KYConst.h */,
				517F3FC01CCCACA200AE9372 /* KYConst.m */,
			);
			path = Other;
			sourceTree = "<group>";
		};
		517F3FD71CCCECD700AE9372 /* KYMasterTopView */ = {
			isa = PBXGroup;
			children = (
				517F3FC91CCCC8DE00AE9372 /* KYMasterTopView.h */,
				517F3FCA1CCCC8DE00AE9372 /* KYMasterTopView.m */,
				517F3FCC1CCCC8EC00AE9372 /* KYMasterTopView.xib */,
				517F3FCE1CCCEC5B00AE9372 /* KYShowCollectionView.h */,
				517F3FCF1CCCEC5B00AE9372 /* KYShowCollectionView.m */,
				517F3FD11CCCEC8D00AE9372 /* KYShowCollectionViewCell.h */,
				517F3FD21CCCEC8D00AE9372 /* KYShowCollectionViewCell.m */,
				517F3FD81CCCF9D800AE9372 /* KYFlowLayout.h */,
				517F3FD91CCCF9D800AE9372 /* KYFlowLayout.m */,
			);
			name = KYMasterTopView;
			sourceTree = "<group>";
		};
		517F3FE51CCD088F00AE9372 /* KYMasterDownView */ = {
			isa = PBXGroup;
			children = (
				517F3FE01CCD06AB00AE9372 /* KYMasterDownView.h */,
				517F3FE11CCD06AB00AE9372 /* KYMasterDownView.m */,
				517F3FE31CCD06BA00AE9372 /* KYMasterDownView.xib */,
				517F3FE61CCD096200AE9372 /* KYModuleCollectionView.h */,
				517F3FE71CCD096200AE9372 /* KYModuleCollectionView.m */,
				517F3FE91CCD098500AE9372 /* KYModuleCollectionViewCell.h */,
				517F3FEA1CCD098500AE9372 /* KYModuleCollectionViewCell.m */,
				51D0F2921CCDE44C00EE80AE /* KYModuleCollectionViewCell.xib */,
				51D0F28D1CCDDD7F00EE80AE /* DownCellBtn.h */,
				51D0F28E1CCDDD7F00EE80AE /* DownCellBtn.m */,
				517F3FEC1CCD0CAF00AE9372 /* KYModuleFlowLayout.h */,
				517F3FED1CCD0CAF00AE9372 /* KYModuleFlowLayout.m */,
			);
			name = KYMasterDownView;
			sourceTree = "<group>";
		};
		51D0F2841CCDD8F000EE80AE /* KYMasterDownModel */ = {
			isa = PBXGroup;
			children = (
				51D0F2861CCDD90D00EE80AE /* KYMasterDownModel.h */,
				51D0F2871CCDD90D00EE80AE /* KYMasterDownModel.m */,
			);
			name = KYMasterDownModel;
			sourceTree = "<group>";
		};
		51D0F2851CCDD8F300EE80AE /* KYMasterTopModel */ = {
			isa = PBXGroup;
			children = (
			);
			name = KYMasterTopModel;
			sourceTree = "<group>";
		};
		51D0F2E11CCF2C9700EE80AE /* Main */ = {
			isa = PBXGroup;
			children = (
				51D0F2E21CCF2C9700EE80AE /* Category */,
				51D0F2E51CCF2C9700EE80AE /* Controller */,
				51D0F2E81CCF2C9700EE80AE /* Login */,
				51D0F2E91CCF2C9700EE80AE /* Model */,
				51D0F2EA1CCF2C9700EE80AE /* View */,
			);
			path = Main;
			sourceTree = "<group>";
		};
		51D0F2E21CCF2C9700EE80AE /* Category */ = {
			isa = PBXGroup;
			children = (
				51D0F2E31CCF2C9700EE80AE /* UIView+Extension.h */,
				51D0F2E41CCF2C9700EE80AE /* UIView+Extension.m */,
			);
			path = Category;
			sourceTree = "<group>";
		};
		51D0F2E51CCF2C9700EE80AE /* Controller */ = {
			isa = PBXGroup;
			children = (
				51D0F2E61CCF2C9700EE80AE /* KYNavigationVc.h */,
				51D0F2E71CCF2C9700EE80AE /* KYNavigationVc.m */,
			);
			path = Controller;
			sourceTree = "<group>";
		};
		51D0F2E81CCF2C9700EE80AE /* Login */ = {
			isa = PBXGroup;
			children = (
				51D0F2ED1CCF2CE600EE80AE /* Controller */,
				51D0F2EE1CCF2CE600EE80AE /* Model */,
				51D0F2EF1CCF2CE600EE80AE /* View */,
			);
			path = Login;
			sourceTree = "<group>";
		};
		51D0F2E91CCF2C9700EE80AE /* Model */ = {
			isa = PBXGroup;
			children = (
			);
			path = Model;
			sourceTree = "<group>";
		};
		51D0F2EA1CCF2C9700EE80AE /* View */ = {
			isa = PBXGroup;
			children = (
			);
			path = View;
			sourceTree = "<group>";
		};
		51D0F2ED1CCF2CE600EE80AE /* Controller */ = {
			isa = PBXGroup;
			children = (
				51D0F2F01CCF2CFA00EE80AE /* KYUserVc.h */,
				51D0F2F11CCF2CFA00EE80AE /* KYUserVc.m */,
				51D0F2F81CCF37B900EE80AE /* KYLoginVc.h */,
				51D0F2F91CCF37B900EE80AE /* KYLoginVc.m */,
			);
			path = Controller;
			sourceTree = "<group>";
		};
		51D0F2EE1CCF2CE600EE80AE /* Model */ = {
			isa = PBXGroup;
			children = (
			);
			path = Model;
			sourceTree = "<group>";
		};
		51D0F2EF1CCF2CE600EE80AE /* View */ = {
			isa = PBXGroup;
			children = (
				51D0F2F31CCF2E0C00EE80AE /* KYLoginViewTop.h */,
				51D0F2F41CCF2E0C00EE80AE /* KYLoginViewTop.m */,
				51D0F2F61CCF2E2200EE80AE /* KYLoginViewTop.xib */,
				51D0F2FD1CCF3D9C00EE80AE /* KYRegisterView.h */,
				51D0F2FE1CCF3D9C00EE80AE /* KYRegisterView.m */,
				51D0F2FB1CCF380300EE80AE /* KYRegisterView.xib */,
			);
			path = View;
			sourceTree = "<group>";
		};
		7B954A64E3AAE96293F3AFFB /* Pods */ = {
			isa = PBXGroup;
			children = (
				E04C2BA99046DFF22DD17AA4 /* Pods-KuaiYiSuper.debug.xcconfig */,
				B89B5DCECB3E65E886885D71 /* Pods-KuaiYiSuper.release.xcconfig */,
			);
			name = Pods;
			sourceTree = "<group>";
		};
/* End PBXGroup section */

/* Begin PBXNativeTarget section */
		511C889F1CCC87D9008F2BDD /* KuaiYiSuper */ = {
			isa = PBXNativeTarget;
			buildConfigurationList = 511C88B71CCC87D9008F2BDD /* Build configuration list for PBXNativeTarget "KuaiYiSuper" */;
			buildPhases = (
				48D4B3629C07F3F2762D6CEE /* Check Pods Manifest.lock */,
				511C889C1CCC87D9008F2BDD /* Sources */,
				511C889D1CCC87D9008F2BDD /* Frameworks */,
				511C889E1CCC87D9008F2BDD /* Resources */,
				90E64F6E374DE60DBC3E5B4D /* Embed Pods Frameworks */,
				B8B269FE0F0BEB509A2DD1DD /* Copy Pods Resources */,
			);
			buildRules = (
			);
			dependencies = (
			);
			name = KuaiYiSuper;
			productName = KuaiYiSuper;
			productReference = 511C88A01CCC87D9008F2BDD /* KuaiYiSuper.app */;
			productType = "com.apple.product-type.application";
		};
/* End PBXNativeTarget section */

/* Begin PBXProject section */
		511C88981CCC87D9008F2BDD /* Project object */ = {
			isa = PBXProject;
			attributes = {
				LastUpgradeCheck = 0730;
				ORGANIZATIONNAME = WZZ;
				TargetAttributes = {
					511C889F1CCC87D9008F2BDD = {
						CreatedOnToolsVersion = 7.3;
					};
				};
			};
			buildConfigurationList = 511C889B1CCC87D9008F2BDD /* Build configuration list for PBXProject "KuaiYiSuper" */;
			compatibilityVersion = "Xcode 3.2";
			developmentRegion = English;
			hasScannedForEncodings = 0;
			knownRegions = (
				en,
				Base,
			);
			mainGroup = 511C88971CCC87D9008F2BDD;
			productRefGroup = 511C88A11CCC87D9008F2BDD /* Products */;
			projectDirPath = "";
			projectRoot = "";
			targets = (
				511C889F1CCC87D9008F2BDD /* KuaiYiSuper */,
			);
		};
/* End PBXProject section */

/* Begin PBXResourcesBuildPhase section */
		511C889E1CCC87D9008F2BDD /* Resources */ = {
			isa = PBXResourcesBuildPhase;
			buildActionMask = 2147483647;
			files = (
				517F3FE41CCD06BA00AE9372 /* KYMasterDownView.xib in Resources */,
				517F3FCD1CCCC8EC00AE9372 /* KYMasterTopView.xib in Resources */,
				51D0F2931CCDE44C00EE80AE /* KYModuleCollectionViewCell.xib in Resources */,
				51D0F28C1CCDD9F500EE80AE /* KYMasterDownModel.plist in Resources */,
				51D0F2F71CCF2E2200EE80AE /* KYLoginViewTop.xib in Resources */,
				511C88B01CCC87D9008F2BDD /* Assets.xcassets in Resources */,
				51D0F2FC1CCF380300EE80AE /* KYRegisterView.xib in Resources */,
			);
			runOnlyForDeploymentPostprocessing = 0;
		};
/* End PBXResourcesBuildPhase section */

/* Begin PBXShellScriptBuildPhase section */
		48D4B3629C07F3F2762D6CEE /* Check Pods Manifest.lock */ = {
			isa = PBXShellScriptBuildPhase;
			buildActionMask = 2147483647;
			files = (
			);
			inputPaths = (
			);
			name = "Check Pods Manifest.lock";
			outputPaths = (
			);
			runOnlyForDeploymentPostprocessing = 0;
			shellPath = /bin/sh;
			shellScript = "diff \"${PODS_ROOT}/../Podfile.lock\" \"${PODS_ROOT}/Manifest.lock\" > /dev/null\nif [[ $? != 0 ]] ; then\n    cat << EOM\nerror: The sandbox is not in sync with the Podfile.lock. Run 'pod install' or update your CocoaPods installation.\nEOM\n    exit 1\nfi\n";
			showEnvVarsInLog = 0;
		};
		90E64F6E374DE60DBC3E5B4D /* Embed Pods Frameworks */ = {
			isa = PBXShellScriptBuildPhase;
			buildActionMask = 2147483647;
			files = (
			);
			inputPaths = (
			);
			name = "Embed Pods Frameworks";
			outputPaths = (
			);
			runOnlyForDeploymentPostprocessing = 0;
			shellPath = /bin/sh;
			shellScript = "\"${SRCROOT}/Pods/Target Support Files/Pods-KuaiYiSuper/Pods-KuaiYiSuper-frameworks.sh\"\n";
			showEnvVarsInLog = 0;
		};
		B8B269FE0F0BEB509A2DD1DD /* Copy Pods Resources */ = {
			isa = PBXShellScriptBuildPhase;
			buildActionMask = 2147483647;
			files = (
			);
			inputPaths = (
			);
			name = "Copy Pods Resources";
			outputPaths = (
			);
			runOnlyForDeploymentPostprocessing = 0;
			shellPath = /bin/sh;
			shellScript = "\"${SRCROOT}/Pods/Target Support Files/Pods-KuaiYiSuper/Pods-KuaiYiSuper-resources.sh\"\n";
			showEnvVarsInLog = 0;
		};
/* End PBXShellScriptBuildPhase section */

/* Begin PBXSourcesBuildPhase section */
		511C889C1CCC87D9008F2BDD /* Sources */ = {
			isa = PBXSourcesBuildPhase;
			buildActionMask = 2147483647;
			files = (
				51D0F2FA1CCF37B900EE80AE /* KYLoginVc.m in Sources */,
				517F3FBB1CCC953300AE9372 /* KYMasterVc.m in Sources */,
				51D0F2F51CCF2E0C00EE80AE /* KYLoginViewTop.m in Sources */,
				517F3FD31CCCEC8D00AE9372 /* KYShowCollectionViewCell.m in Sources */,
				517F3FD61CCCECCC00AE9372 /* KYMasterView.m in Sources */,
				511C88A81CCC87D9008F2BDD /* AppDelegate.m in Sources */,
				51D0F2EC1CCF2C9700EE80AE /* KYNavigationVc.m in Sources */,
				517F3FEE1CCD0CAF00AE9372 /* KYModuleFlowLayout.m in Sources */,
				51D0F2881CCDD90D00EE80AE /* KYMasterDownModel.m in Sources */,
				517F3FDA1CCCF9D800AE9372 /* KYFlowLayout.m in Sources */,
				51D0F28F1CCDDD7F00EE80AE /* DownCellBtn.m in Sources */,
				511C88A51CCC87D9008F2BDD /* main.m in Sources */,
				51D0F2F21CCF2CFA00EE80AE /* KYUserVc.m in Sources */,
				517F3FEB1CCD098500AE9372 /* KYModuleCollectionViewCell.m in Sources */,
				517F3FE21CCD06AB00AE9372 /* KYMasterDownView.m in Sources */,
				517F3FD01CCCEC5B00AE9372 /* KYShowCollectionView.m in Sources */,
				517F3FE81CCD096200AE9372 /* KYModuleCollectionView.m in Sources */,
				517F3FCB1CCCC8DE00AE9372 /* KYMasterTopView.m in Sources */,
				51D0F2FF1CCF3D9C00EE80AE /* KYRegisterView.m in Sources */,
				51D0F2EB1CCF2C9700EE80AE /* UIView+Extension.m in Sources */,
				517F3FC11CCCACA200AE9372 /* KYConst.m in Sources */,
			);
			runOnlyForDeploymentPostprocessing = 0;
		};
/* End PBXSourcesBuildPhase section */

/* Begin XCBuildConfiguration section */
		511C88B51CCC87D9008F2BDD /* Debug */ = {
			isa = XCBuildConfiguration;
			buildSettings = {
				ALWAYS_SEARCH_USER_PATHS = NO;
				CLANG_ANALYZER_NONNULL = YES;
				CLANG_CXX_LANGUAGE_STANDARD = "gnu++0x";
				CLANG_CXX_LIBRARY = "libc++";
				CLANG_ENABLE_MODULES = YES;
				CLANG_ENABLE_OBJC_ARC = YES;
				CLANG_WARN_BOOL_CONVERSION = YES;
				CLANG_WARN_CONSTANT_CONVERSION = YES;
				CLANG_WARN_DIRECT_OBJC_ISA_USAGE = YES_ERROR;
				CLANG_WARN_EMPTY_BODY = YES;
				CLANG_WARN_ENUM_CONVERSION = YES;
				CLANG_WARN_INT_CONVERSION = YES;
				CLANG_WARN_OBJC_ROOT_CLASS = YES_ERROR;
				CLANG_WARN_UNREACHABLE_CODE = YES;
				CLANG_WARN__DUPLICATE_METHOD_MATCH = YES;
				"CODE_SIGN_IDENTITY[sdk=iphoneos*]" = "iPhone Developer";
				COPY_PHASE_STRIP = NO;
				DEBUG_INFORMATION_FORMAT = dwarf;
				ENABLE_STRICT_OBJC_MSGSEND = YES;
				ENABLE_TESTABILITY = YES;
				GCC_C_LANGUAGE_STANDARD = gnu99;
				GCC_DYNAMIC_NO_PIC = NO;
				GCC_NO_COMMON_BLOCKS = YES;
				GCC_OPTIMIZATION_LEVEL = 0;
				GCC_PREPROCESSOR_DEFINITIONS = (
					"DEBUG=1",
					"$(inherited)",
				);
				GCC_WARN_64_TO_32_BIT_CONVERSION = YES;
				GCC_WARN_ABOUT_RETURN_TYPE = YES_ERROR;
				GCC_WARN_UNDECLARED_SELECTOR = YES;
				GCC_WARN_UNINITIALIZED_AUTOS = YES_AGGRESSIVE;
				GCC_WARN_UNUSED_FUNCTION = YES;
				GCC_WARN_UNUSED_VARIABLE = YES;
				IPHONEOS_DEPLOYMENT_TARGET = 9.3;
				MTL_ENABLE_DEBUG_INFO = YES;
				ONLY_ACTIVE_ARCH = YES;
				SDKROOT = iphoneos;
				TARGETED_DEVICE_FAMILY = "1,2";
			};
			name = Debug;
		};
		511C88B61CCC87D9008F2BDD /* Release */ = {
			isa = XCBuildConfiguration;
			buildSettings = {
				ALWAYS_SEARCH_USER_PATHS = NO;
				CLANG_ANALYZER_NONNULL = YES;
				CLANG_CXX_LANGUAGE_STANDARD = "gnu++0x";
				CLANG_CXX_LIBRARY = "libc++";
				CLANG_ENABLE_MODULES = YES;
				CLANG_ENABLE_OBJC_ARC = YES;
				CLANG_WARN_BOOL_CONVERSION = YES;
				CLANG_WARN_CONSTANT_CONVERSION = YES;
				CLANG_WARN_DIRECT_OBJC_ISA_USAGE = YES_ERROR;
				CLANG_WARN_EMPTY_BODY = YES;
				CLANG_WARN_ENUM_CONVERSION = YES;
				CLANG_WARN_INT_CONVERSION = YES;
				CLANG_WARN_OBJC_ROOT_CLASS = YES_ERROR;
				CLANG_WARN_UNREACHABLE_CODE = YES;
				CLANG_WARN__DUPLICATE_METHOD_MATCH = YES;
				"CODE_SIGN_IDENTITY[sdk=iphoneos*]" = "iPhone Developer";
				COPY_PHASE_STRIP = NO;
				DEBUG_INFORMATION_FORMAT = "dwarf-with-dsym";
				ENABLE_NS_ASSERTIONS = NO;
				ENABLE_STRICT_OBJC_MSGSEND = YES;
				GCC_C_LANGUAGE_STANDARD = gnu99;
				GCC_NO_COMMON_BLOCKS = YES;
				GCC_WARN_64_TO_32_BIT_CONVERSION = YES;
				GCC_WARN_ABOUT_RETURN_TYPE = YES_ERROR;
				GCC_WARN_UNDECLARED_SELECTOR = YES;
				GCC_WARN_UNINITIALIZED_AUTOS = YES_AGGRESSIVE;
				GCC_WARN_UNUSED_FUNCTION = YES;
				GCC_WARN_UNUSED_VARIABLE = YES;
				IPHONEOS_DEPLOYMENT_TARGET = 9.3;
				MTL_ENABLE_DEBUG_INFO = NO;
				SDKROOT = iphoneos;
				TARGETED_DEVICE_FAMILY = "1,2";
				VALIDATE_PRODUCT = YES;
			};
			name = Release;
		};
		511C88B81CCC87D9008F2BDD /* Debug */ = {
			isa = XCBuildConfiguration;
			baseConfigurationReference = E04C2BA99046DFF22DD17AA4 /* Pods-KuaiYiSuper.debug.xcconfig */;
			buildSettings = {
				ASSETCATALOG_COMPILER_APPICON_NAME = AppIcon;
				ASSETCATALOG_COMPILER_LAUNCHIMAGE_NAME = "Brand Assets";
				GCC_PREFIX_HEADER = "$(SRCROOT)/KuaiYiSuper/PrefixHeader.pch";
				INFOPLIST_FILE = KuaiYiSuper/Info.plist;
				IPHONEOS_DEPLOYMENT_TARGET = 7.0;
				LD_RUNPATH_SEARCH_PATHS = "$(inherited) @executable_path/Frameworks";
				PRODUCT_BUNDLE_IDENTIFIER = xiaoZhi.KuaiYiSuper;
				PRODUCT_NAME = "$(TARGET_NAME)";
			};
			name = Debug;
		};
		511C88B91CCC87D9008F2BDD /* Release */ = {
			isa = XCBuildConfiguration;
			baseConfigurationReference = B89B5DCECB3E65E886885D71 /* Pods-KuaiYiSuper.release.xcconfig */;
			buildSettings = {
				ASSETCATALOG_COMPILER_APPICON_NAME = AppIcon;
				ASSETCATALOG_COMPILER_LAUNCHIMAGE_NAME = "Brand Assets";
				GCC_PREFIX_HEADER = "$(SRCROOT)/KuaiYiSuper/PrefixHeader.pch";
				INFOPLIST_FILE = KuaiYiSuper/Info.plist;
				IPHONEOS_DEPLOYMENT_TARGET = 7.0;
				LD_RUNPATH_SEARCH_PATHS = "$(inherited) @executable_path/Frameworks";
				PRODUCT_BUNDLE_IDENTIFIER = xiaoZhi.KuaiYiSuper;
				PRODUCT_NAME = "$(TARGET_NAME)";
			};
			name = Release;
		};
/* End XCBuildConfiguration section */

/* Begin XCConfigurationList section */
		511C889B1CCC87D9008F2BDD /* Build configuration list for PBXProject "KuaiYiSuper" */ = {
			isa = XCConfigurationList;
			buildConfigurations = (
				511C88B51CCC87D9008F2BDD /* Debug */,
				511C88B61CCC87D9008F2BDD /* Release */,
			);
			defaultConfigurationIsVisible = 0;
			defaultConfigurationName = Release;
		};
		511C88B71CCC87D9008F2BDD /* Build configuration list for PBXNativeTarget "KuaiYiSuper" */ = {
			isa = XCConfigurationList;
			buildConfigurations = (
				511C88B81CCC87D9008F2BDD /* Debug */,
				511C88B91CCC87D9008F2BDD /* Release */,
			);
			defaultConfigurationIsVisible = 0;
			defaultConfigurationName = Release;
		};
/* End XCConfigurationList section */
	};
	rootObject = 511C88981CCC87D9008F2BDD /* Project object */;
}
